
Microsoft Visual Studio Solution File, Format Version 12.00
Project("{FAE04EC0-301F-11D3-BF4B-00C04F79EFBC}") = "Cimon", "Cimon\Cimon.csproj", "{573AD64B-39BE-416F-AC5A-C0ECBEE3974B}"
EndProject
Project("{FAE04EC0-301F-11D3-BF4B-00C04F79EFBC}") = "Cimon.Data", "Cimon.Data\Cimon.Data.csproj", "{D9AA73F6-618B-40F1-BF68-6B869877EBD4}"
EndProject
Project("{FAE04EC0-301F-11D3-BF4B-00C04F79EFBC}") = "Cimon.Data.Tests", "Cimon.Data.Tests\Cimon.Data.Tests.csproj", "{FE7DFEA3-7D36-4555-BCB2-C997C85BF54F}"
EndProject
Project("{FAE04EC0-301F-11D3-BF4B-00C04F79EFBC}") = "Cimon.Data.TeamCity", "Cimon.Data.TeamCity\Cimon.Data.TeamCity.csproj", "{62BEDFD4-8EBD-41A1-B5E9-5C4AD3D3B7C6}"
EndProject
Project("{FAE04EC0-301F-11D3-BF4B-00C04F79EFBC}") = "Cimon.DB", "Cimon.DB\Cimon.DB.csproj", "{2F8FCC57-B328-4426-B835-83A98C4EC555}"
EndProject
Project("{FAE04EC0-301F-11D3-BF4B-00C04F79EFBC}") = "Cimon.DB.Migrations.Sqlite", "Cimon.DB.Migrations.Sqlite\Cimon.DB.Migrations.Sqlite.csproj", "{0276271B-EF0F-46BE-B459-63432839AEE2}"
EndProject
Project("{FAE04EC0-301F-11D3-BF4B-00C04F79EFBC}") = "Cimon.DB.Migrations.SqlServer", "Cimon.DB.Migrations.SqlServer\Cimon.DB.Migrations.SqlServer.csproj", "{08B2A9C3-C727-4429-941D-EAADA3F25651}"
EndProject
Project("{FAE04EC0-301F-11D3-BF4B-00C04F79EFBC}") = "Cimon.Contracts", "Cimon.Contracts\Cimon.Contracts.csproj", "{3553754C-4F2B-4DCC-8465-5EB7B75513C5}"
EndProject
Project("{FAE04EC0-301F-11D3-BF4B-00C04F79EFBC}") = "Cimon.Data.TeamCity.Tests", "Cimon.Data.TeamCity.Tests\Cimon.Data.TeamCity.Tests.csproj", "{9A87ACFD-6F20-4D76-9B50-A473A0AC5A7A}"
EndProject
Project("{FAE04EC0-301F-11D3-BF4B-00C04F79EFBC}") = "Cimon.Data.Jenkins", "Cimon.Data.Jenkins\Cimon.Data.Jenkins.csproj", "{09457F8B-8A29-4D6A-9442-4555566C6D0D}"
EndProject
Project("{FAE04EC0-301F-11D3-BF4B-00C04F79EFBC}") = "Cimon.Data.Jenkins.Tests", "Cimon.Data.Jenkins.Tests\Cimon.Data.Jenkins.Tests.csproj", "{1C3660DF-ED3E-4765-821D-80D046AF39BF}"
EndProject
Project("{FAE04EC0-301F-11D3-BF4B-00C04F79EFBC}") = "Cimon.Data.ML", "Cimon.Data.ML\Cimon.Data.ML.csproj", "{80726C46-FB25-43E7-9F05-5E80699A68BE}"
EndProject
Project("{FAE04EC0-301F-11D3-BF4B-00C04F79EFBC}") = "Cimon.Tests", "Cimon.Tests\Cimon.Tests.csproj", "{BEBF3031-0D3B-4115-80DD-92786887D545}"
EndProject
Project("{FAE04EC0-301F-11D3-BF4B-00C04F79EFBC}") = "Build", "build\Build.csproj", "{F8A520E4-8D35-4A46-89A8-86A1427C3864}"
EndProject
Project("{2150E333-8FDC-42A3-9474-1A3956D46DE8}") = "Files", "Files", "{FBB2DA39-3FFB-44C6-BCCC-C51E99ED7A80}"
	ProjectSection(SolutionItems) = preProject
		..\.github\workflows\build.yml = ..\.github\workflows\build.yml
		..\sonar-project.properties = ..\sonar-project.properties
	EndProjectSection
EndProject
Global
	GlobalSection(SolutionConfigurationPlatforms) = preSolution
		Debug|Any CPU = Debug|Any CPU
		Release|Any CPU = Release|Any CPU
	EndGlobalSection
	GlobalSection(ProjectConfigurationPlatforms) = postSolution
		{573AD64B-39BE-416F-AC5A-C0ECBEE3974B}.Debug|Any CPU.ActiveCfg = Debug|Any CPU
		{573AD64B-39BE-416F-AC5A-C0ECBEE3974B}.Debug|Any CPU.Build.0 = Debug|Any CPU
		{573AD64B-39BE-416F-AC5A-C0ECBEE3974B}.Release|Any CPU.ActiveCfg = Release|Any CPU
		{573AD64B-39BE-416F-AC5A-C0ECBEE3974B}.Release|Any CPU.Build.0 = Release|Any CPU
		{D9AA73F6-618B-40F1-BF68-6B869877EBD4}.Debug|Any CPU.ActiveCfg = Debug|Any CPU
		{D9AA73F6-618B-40F1-BF68-6B869877EBD4}.Debug|Any CPU.Build.0 = Debug|Any CPU
		{D9AA73F6-618B-40F1-BF68-6B869877EBD4}.Release|Any CPU.ActiveCfg = Release|Any CPU
		{D9AA73F6-618B-40F1-BF68-6B869877EBD4}.Release|Any CPU.Build.0 = Release|Any CPU
		{FE7DFEA3-7D36-4555-BCB2-C997C85BF54F}.Debug|Any CPU.ActiveCfg = Debug|Any CPU
		{FE7DFEA3-7D36-4555-BCB2-C997C85BF54F}.Debug|Any CPU.Build.0 = Debug|Any CPU
		{FE7DFEA3-7D36-4555-BCB2-C997C85BF54F}.Release|Any CPU.ActiveCfg = Release|Any CPU
		{FE7DFEA3-7D36-4555-BCB2-C997C85BF54F}.Release|Any CPU.Build.0 = Release|Any CPU
		{62BEDFD4-8EBD-41A1-B5E9-5C4AD3D3B7C6}.Debug|Any CPU.ActiveCfg = Debug|Any CPU
		{62BEDFD4-8EBD-41A1-B5E9-5C4AD3D3B7C6}.Debug|Any CPU.Build.0 = Debug|Any CPU
		{62BEDFD4-8EBD-41A1-B5E9-5C4AD3D3B7C6}.Release|Any CPU.ActiveCfg = Release|Any CPU
		{62BEDFD4-8EBD-41A1-B5E9-5C4AD3D3B7C6}.Release|Any CPU.Build.0 = Release|Any CPU
		{2F8FCC57-B328-4426-B835-83A98C4EC555}.Debug|Any CPU.ActiveCfg = Debug|Any CPU
		{2F8FCC57-B328-4426-B835-83A98C4EC555}.Debug|Any CPU.Build.0 = Debug|Any CPU
		{2F8FCC57-B328-4426-B835-83A98C4EC555}.Release|Any CPU.ActiveCfg = Release|Any CPU
		{2F8FCC57-B328-4426-B835-83A98C4EC555}.Release|Any CPU.Build.0 = Release|Any CPU
		{0276271B-EF0F-46BE-B459-63432839AEE2}.Debug|Any CPU.ActiveCfg = Debug|Any CPU
		{0276271B-EF0F-46BE-B459-63432839AEE2}.Debug|Any CPU.Build.0 = Debug|Any CPU
		{0276271B-EF0F-46BE-B459-63432839AEE2}.Release|Any CPU.ActiveCfg = Release|Any CPU
		{0276271B-EF0F-46BE-B459-63432839AEE2}.Release|Any CPU.Build.0 = Release|Any CPU
		{08B2A9C3-C727-4429-941D-EAADA3F25651}.Debug|Any CPU.ActiveCfg = Debug|Any CPU
		{08B2A9C3-C727-4429-941D-EAADA3F25651}.Debug|Any CPU.Build.0 = Debug|Any CPU
		{08B2A9C3-C727-4429-941D-EAADA3F25651}.Release|Any CPU.ActiveCfg = Release|Any CPU
		{08B2A9C3-C727-4429-941D-EAADA3F25651}.Release|Any CPU.Build.0 = Release|Any CPU
		{3553754C-4F2B-4DCC-8465-5EB7B75513C5}.Debug|Any CPU.ActiveCfg = Debug|Any CPU
		{3553754C-4F2B-4DCC-8465-5EB7B75513C5}.Debug|Any CPU.Build.0 = Debug|Any CPU
		{3553754C-4F2B-4DCC-8465-5EB7B75513C5}.Release|Any CPU.ActiveCfg = Release|Any CPU
		{3553754C-4F2B-4DCC-8465-5EB7B75513C5}.Release|Any CPU.Build.0 = Release|Any CPU
		{9A87ACFD-6F20-4D76-9B50-A473A0AC5A7A}.Debug|Any CPU.ActiveCfg = Debug|Any CPU
		{9A87ACFD-6F20-4D76-9B50-A473A0AC5A7A}.Debug|Any CPU.Build.0 = Debug|Any CPU
		{9A87ACFD-6F20-4D76-9B50-A473A0AC5A7A}.Release|Any CPU.ActiveCfg = Release|Any CPU
		{9A87ACFD-6F20-4D76-9B50-A473A0AC5A7A}.Release|Any CPU.Build.0 = Release|Any CPU
		{09457F8B-8A29-4D6A-9442-4555566C6D0D}.Debug|Any CPU.ActiveCfg = Debug|Any CPU
		{09457F8B-8A29-4D6A-9442-4555566C6D0D}.Debug|Any CPU.Build.0 = Debug|Any CPU
		{09457F8B-8A29-4D6A-9442-4555566C6D0D}.Release|Any CPU.ActiveCfg = Release|Any CPU
		{09457F8B-8A29-4D6A-9442-4555566C6D0D}.Release|Any CPU.Build.0 = Release|Any CPU
		{1C3660DF-ED3E-4765-821D-80D046AF39BF}.Debug|Any CPU.ActiveCfg = Debug|Any CPU
		{1C3660DF-ED3E-4765-821D-80D046AF39BF}.Debug|Any CPU.Build.0 = Debug|Any CPU
		{1C3660DF-ED3E-4765-821D-80D046AF39BF}.Release|Any CPU.ActiveCfg = Release|Any CPU
		{1C3660DF-ED3E-4765-821D-80D046AF39BF}.Release|Any CPU.Build.0 = Release|Any CPU
		{80726C46-FB25-43E7-9F05-5E80699A68BE}.Debug|Any CPU.ActiveCfg = Debug|Any CPU
		{80726C46-FB25-43E7-9F05-5E80699A68BE}.Debug|Any CPU.Build.0 = Debug|Any CPU
		{80726C46-FB25-43E7-9F05-5E80699A68BE}.Release|Any CPU.ActiveCfg = Release|Any CPU
		{80726C46-FB25-43E7-9F05-5E80699A68BE}.Release|Any CPU.Build.0 = Release|Any CPU
		{BEBF3031-0D3B-4115-80DD-92786887D545}.Debug|Any CPU.ActiveCfg = Debug|Any CPU
		{BEBF3031-0D3B-4115-80DD-92786887D545}.Debug|Any CPU.Build.0 = Debug|Any CPU
		{BEBF3031-0D3B-4115-80DD-92786887D545}.Release|Any CPU.ActiveCfg = Release|Any CPU
		{BEBF3031-0D3B-4115-80DD-92786887D545}.Release|Any CPU.Build.0 = Release|Any CPU
		{F8A520E4-8D35-4A46-89A8-86A1427C3864}.Debug|Any CPU.ActiveCfg = Debug|Any CPU
		{F8A520E4-8D35-4A46-89A8-86A1427C3864}.Debug|Any CPU.Build.0 = Debug|Any CPU
		{F8A520E4-8D35-4A46-89A8-86A1427C3864}.Release|Any CPU.ActiveCfg = Release|Any CPU
		{F8A520E4-8D35-4A46-89A8-86A1427C3864}.Release|Any CPU.Build.0 = Release|Any CPU
	EndGlobalSection
EndGlobal
